lockfileVersion: '9.0'

settings:
  autoInstallPeers: true
  excludeLinksFromLockfile: false

importers:

  .:
    devDependencies:
      prettier:
        specifier: ^3.7.4
        version: 3.8.1
      turbo:
        specifier: 2.5.6
        version: 2.5.6

  apps/api:
    devDependencies:
      '@types/node':
        specifier: ^25.2.3
        version: 25.2.3

packages:

  '@types/node@25.2.3':
    resolution: {integrity: sha512-m0jEgYlYz+mDJZ2+F4v8D1AyQb+QzsNqRuI7xg1VQX/KlKS0qT9r1Mo16yo5F/MtifXFgaofIFsdFMox2SxIbQ==}

  prettier@3.8.1:
    resolution: {integrity: sha512-UOnG6LftzbdaHZcKoPFtOcCKztrQ57WkHDeRD9t/PTQtmT0NHSeWWepj6pS0z/N7+08BHFDQVUrfmfMRcZwbMg==}
    engines: {node: '>=14'}
    hasBin: true

  turbo-darwin-64@2.5.6:
    resolution: {integrity: sha512-3C1xEdo4aFwMJAPvtlPqz1Sw/+cddWIOmsalHFMrsqqydcptwBfu26WW2cDm3u93bUzMbBJ8k3zNKFqxJ9ei2A==}
    cpu: [x64]
    os: [darwin]

  turbo-darwin-arm64@2.5.6:
    resolution: {integrity: sha512-LyiG+rD7JhMfYwLqB6k3LZQtYn8CQQUePbpA8mF/hMLPAekXdJo1g0bUPw8RZLwQXUIU/3BU7tXENvhSGz5DPA==}
    cpu: [arm64]
    os: [darwin]

  turbo-linux-64@2.5.6:
    resolution: {integrity: sha512-GOcUTT0xiT/pSnHL4YD6Yr3HreUhU8pUcGqcI2ksIF9b2/r/kRHwGFcsHgpG3+vtZF/kwsP0MV8FTlTObxsYIA==}
    cpu: [x64]
    os: [linux]

  turbo-linux-arm64@2.5.6:
    resolution: {integrity: sha512-10Tm15bruJEA3m0V7iZcnQBpObGBcOgUcO+sY7/2vk1bweW34LMhkWi8svjV9iDF68+KJDThnYDlYE/bc7/zzQ==}
    cpu: [arm64]
    os: [linux]

  turbo-windows-64@2.5.6:
    resolution: {integrity: sha512-FyRsVpgaj76It0ludwZsNN40ytHN+17E4PFJyeliBEbxrGTc5BexlXVpufB7XlAaoaZVxbS6KT8RofLfDRyEPg==}
    cpu: [x64]
    os: [win32]

  turbo-windows-arm64@2.5.6:
    resolution: {integrity: sha512-j/tWu8cMeQ7HPpKri6jvKtyXg9K1gRyhdK4tKrrchH8GNHscPX/F71zax58yYtLRWTiK04zNzPcUJuoS0+v/+Q==}
    cpu: [arm64]
    os: [win32]

  turbo@2.5.6:
    resolution: {integrity: sha512-gxToHmi9oTBNB05UjUsrWf0OyN5ZXtD0apOarC1KIx232Vp3WimRNy3810QzeNSgyD5rsaIDXlxlbnOzlouo+w==}
    hasBin: true

  undici-types@7.16.0:
    resolution: {integrity: sha512-Zz+aZWSj8LE6zoxD+xrjh4VfkIG8Ya6LvYkZqtUQGJPZjYl53ypCaUwWqo7eI0x66KBGeRo+mlBEkMSeSZ38Nw==}

snapshots:

  '@types/node@25.2.3':
    dependencies:
      undici-types: 7.16.0

  prettier@3.8.1: {}

  turbo-darwin-64@2.5.6:
    optional: true

  turbo-darwin-arm64@2.5.6:
    optional: true

  turbo-linux-64@2.5.6:
    optional: true

  turbo-linux-arm64@2.5.6:
    optional: true

  turbo-windows-64@2.5.6:
    optional: true

  turbo-windows-arm64@2.5.6:
    optional: true

  turbo@2.5.6:
    optionalDependencies:
      turbo-darwin-64: 2.5.6
      turbo-darwin-arm64: 2.5.6
      turbo-linux-64: 2.5.6
      turbo-linux-arm64: 2.5.6
      turbo-windows-64: 2.5.6
      turbo-windows-arm64: 2.5.6

  undici-types@7.16.0: {}
